// !$*UTF8*$!
{
	archiveVersion = 1;
	classes = {
	};
	objectVersion = 46;
	objects = {

/* Begin PBXBuildFile section */
		190DFB591E95795D0098FAC0 /* TweetsViewController.swift in Sources */ = {isa = PBXBuildFile; fileRef = 190DFB581E95795D0098FAC0 /* TweetsViewController.swift */; };
		190DFB5E1E96DE1A0098FAC0 /* TweetBasicCell.swift in Sources */ = {isa = PBXBuildFile; fileRef = 190DFB5C1E96DE1A0098FAC0 /* TweetBasicCell.swift */; };
		190DFB5F1E96DE1A0098FAC0 /* TweetBasicCell.xib in Resources */ = {isa = PBXBuildFile; fileRef = 190DFB5D1E96DE1A0098FAC0 /* TweetBasicCell.xib */; };
		190DFB621E975D100098FAC0 /* TweetProtocols.swift in Sources */ = {isa = PBXBuildFile; fileRef = 190DFB611E975D100098FAC0 /* TweetProtocols.swift */; };
		190DFB651E9821220098FAC0 /* HelperClassesAndFunctions.swift in Sources */ = {isa = PBXBuildFile; fileRef = 190DFB641E9821220098FAC0 /* HelperClassesAndFunctions.swift */; };
		190DFB671E984E960098FAC0 /* NewTweetViewController.swift in Sources */ = {isa = PBXBuildFile; fileRef = 190DFB661E984E960098FAC0 /* NewTweetViewController.swift */; };
		190DFB6C1E9887550098FAC0 /* TweetPageCell.swift in Sources */ = {isa = PBXBuildFile; fileRef = 190DFB6A1E9887550098FAC0 /* TweetPageCell.swift */; };
		190DFB6D1E9887550098FAC0 /* TweetDetailCell.xib in Resources */ = {isa = PBXBuildFile; fileRef = 190DFB6B1E9887550098FAC0 /* TweetDetailCell.xib */; };
		190DFB6F1E98888C0098FAC0 /* TweetViewController.swift in Sources */ = {isa = PBXBuildFile; fileRef = 190DFB6E1E98888C0098FAC0 /* TweetViewController.swift */; };
		190DFB711E994EF00098FAC0 /* ReplyViewController.swift in Sources */ = {isa = PBXBuildFile; fileRef = 190DFB701E994EF00098FAC0 /* ReplyViewController.swift */; };
		190DFB731E99559F0098FAC0 /* ComposeViewController.swift in Sources */ = {isa = PBXBuildFile; fileRef = 190DFB721E99559F0098FAC0 /* ComposeViewController.swift */; };
		190DFB761E995BF10098FAC0 /* TweetCell.swift in Sources */ = {isa = PBXBuildFile; fileRef = 190DFB751E995BF10098FAC0 /* TweetCell.swift */; };
		1916B4D81E9492CB004E7C3A /* AppDelegate.swift in Sources */ = {isa = PBXBuildFile; fileRef = 1916B4D71E9492CB004E7C3A /* AppDelegate.swift */; };
		1916B4DA1E9492CB004E7C3A /* LoginViewController.swift in Sources */ = {isa = PBXBuildFile; fileRef = 1916B4D91E9492CB004E7C3A /* LoginViewController.swift */; };
		1916B4DD1E9492CB004E7C3A /* Main.storyboard in Resources */ = {isa = PBXBuildFile; fileRef = 1916B4DB1E9492CB004E7C3A /* Main.storyboard */; };
		1916B4DF1E9492CB004E7C3A /* Assets.xcassets in Resources */ = {isa = PBXBuildFile; fileRef = 1916B4DE1E9492CB004E7C3A /* Assets.xcassets */; };
		1916B4E21E9492CB004E7C3A /* LaunchScreen.storyboard in Resources */ = {isa = PBXBuildFile; fileRef = 1916B4E01E9492CB004E7C3A /* LaunchScreen.storyboard */; };
		1916B4EB1E949482004E7C3A /* TwitterAPIService.swift in Sources */ = {isa = PBXBuildFile; fileRef = 1916B4EA1E949482004E7C3A /* TwitterAPIService.swift */; };
		1916B4EE1E956417004E7C3A /* User.swift in Sources */ = {isa = PBXBuildFile; fileRef = 1916B4ED1E956417004E7C3A /* User.swift */; };
		1916B4F11E956798004E7C3A /* Tweet.swift in Sources */ = {isa = PBXBuildFile; fileRef = 1916B4F01E956798004E7C3A /* Tweet.swift */; };
		5B2799348575CCD43B08C493 /* Pods_Twittr.framework in Frameworks */ = {isa = PBXBuildFile; fileRef = FE0C4C0842CF6DC8810D67D5 /* Pods_Twittr.framework */; };
/* End PBXBuildFile section */

/* Begin PBXFileReference section */
		190DFB581E95795D0098FAC0 /* TweetsViewController.swift */ = {isa = PBXFileReference; fileEncoding = 4; lastKnownFileType = sourcecode.swift; path = TweetsViewController.swift; sourceTree = "<group>"; };
		190DFB5C1E96DE1A0098FAC0 /* TweetBasicCell.swift */ = {isa = PBXFileReference; fileEncoding = 4; lastKnownFileType = sourcecode.swift; name = TweetBasicCell.swift; path = Views/TweetBasicCell.swift; sourceTree = "<group>"; };
		190DFB5D1E96DE1A0098FAC0 /* TweetBasicCell.xib */ = {isa = PBXFileReference; fileEncoding = 4; lastKnownFileType = file.xib; name = TweetBasicCell.xib; path = Views/TweetBasicCell.xib; sourceTree = "<group>"; };
		190DFB611E975D100098FAC0 /* TweetProtocols.swift */ = {isa = PBXFileReference; fileEncoding = 4; lastKnownFileType = sourcecode.swift; name = TweetProtocols.swift; path = Protocols/TweetProtocols.swift; sourceTree = "<group>"; };
		190DFB641E9821220098FAC0 /* HelperClassesAndFunctions.swift */ = {isa = PBXFileReference; fileEncoding = 4; lastKnownFileType = sourcecode.swift; path = HelperClassesAndFunctions.swift; sourceTree = "<group>"; };
		190DFB661E984E960098FAC0 /* NewTweetViewController.swift */ = {isa = PBXFileReference; fileEncoding = 4; lastKnownFileType = sourcecode.swift; path = NewTweetViewController.swift; sourceTree = "<group>"; };
		190DFB6A1E9887550098FAC0 /* TweetPageCell.swift */ = {isa = PBXFileReference; fileEncoding = 4; lastKnownFileType = sourcecode.swift; path = TweetPageCell.swift; sourceTree = "<group>"; };
		190DFB6B1E9887550098FAC0 /* TweetDetailCell.xib */ = {isa = PBXFileReference; fileEncoding = 4; lastKnownFileType = file.xib; path = TweetDetailCell.xib; sourceTree = "<group>"; };
		190DFB6E1E98888C0098FAC0 /* TweetViewController.swift */ = {isa = PBXFileReference; fileEncoding = 4; lastKnownFileType = sourcecode.swift; path = TweetViewController.swift; sourceTree = "<group>"; };
		190DFB701E994EF00098FAC0 /* ReplyViewController.swift */ = {isa = PBXFileReference; fileEncoding = 4; lastKnownFileType = sourcecode.swift; path = ReplyViewController.swift; sourceTree = "<group>"; };
		190DFB721E99559F0098FAC0 /* ComposeViewController.swift */ = {isa = PBXFileReference; fileEncoding = 4; lastKnownFileType = sourcecode.swift; path = ComposeViewController.swift; sourceTree = "<group>"; };
		190DFB751E995BF10098FAC0 /* TweetCell.swift */ = {isa = PBXFileReference; fileEncoding = 4; lastKnownFileType = sourcecode.swift; path = TweetCell.swift; sourceTree = "<group>"; };
		1916B4D41E9492CB004E7C3A /* Twittr.app */ = {isa = PBXFileReference; explicitFileType = wrapper.application; includeInIndex = 0; path = Twittr.app; sourceTree = BUILT_PRODUCTS_DIR; };
		1916B4D71E9492CB004E7C3A /* AppDelegate.swift */ = {isa = PBXFileReference; lastKnownFileType = sourcecode.swift; path = AppDelegate.swift; sourceTree = "<group>"; };
		1916B4D91E9492CB004E7C3A /* LoginViewController.swift */ = {isa = PBXFileReference; lastKnownFileType = sourcecode.swift; path = LoginViewController.swift; sourceTree = "<group>"; };
		1916B4DC1E9492CB004E7C3A /* Base */ = {isa = PBXFileReference; lastKnownFileType = file.storyboard; name = Base; path = Base.lproj/Main.storyboard; sourceTree = "<group>"; };
		1916B4DE1E9492CB004E7C3A /* Assets.xcassets */ = {isa = PBXFileReference; lastKnownFileType = folder.assetcatalog; path = Assets.xcassets; sourceTree = "<group>"; };
		1916B4E11E9492CB004E7C3A /* Base */ = {isa = PBXFileReference; lastKnownFileType = file.storyboard; name = Base; path = Base.lproj/LaunchScreen.storyboard; sourceTree = "<group>"; };
		1916B4E31E9492CB004E7C3A /* Info.plist */ = {isa = PBXFileReference; lastKnownFileType = text.plist.xml; path = Info.plist; sourceTree = "<group>"; };
		1916B4EA1E949482004E7C3A /* TwitterAPIService.swift */ = {isa = PBXFileReference; fileEncoding = 4; lastKnownFileType = sourcecode.swift; path = TwitterAPIService.swift; sourceTree = "<group>"; };
		1916B4ED1E956417004E7C3A /* User.swift */ = {isa = PBXFileReference; fileEncoding = 4; lastKnownFileType = sourcecode.swift; path = User.swift; sourceTree = "<group>"; };
		1916B4F01E956798004E7C3A /* Tweet.swift */ = {isa = PBXFileReference; fileEncoding = 4; lastKnownFileType = sourcecode.swift; path = Tweet.swift; sourceTree = "<group>"; };
		AFC84DA987B4FC1AEE4CCB18 /* Pods-Twittr.debug.xcconfig */ = {isa = PBXFileReference; includeInIndex = 1; lastKnownFileType = text.xcconfig; name = "Pods-Twittr.debug.xcconfig"; path = "Pods/Target Support Files/Pods-Twittr/Pods-Twittr.debug.xcconfig"; sourceTree = "<group>"; };
		FE0C4C0842CF6DC8810D67D5 /* Pods_Twittr.framework */ = {isa = PBXFileReference; explicitFileType = wrapper.framework; includeInIndex = 0; path = Pods_Twittr.framework; sourceTree = BUILT_PRODUCTS_DIR; };
		FE70C8EC3CC5EFC3A68D0E91 /* Pods-Twittr.release.xcconfig */ = {isa = PBXFileReference; includeInIndex = 1; lastKnownFileType = text.xcconfig; name = "Pods-Twittr.release.xcconfig"; path = "Pods/Target Support Files/Pods-Twittr/Pods-Twittr.release.xcconfig"; sourceTree = "<group>"; };
/* End PBXFileReference section */

/* Begin PBXFrameworksBuildPhase section */
		1916B4D11E9492CB004E7C3A /* Frameworks */ = {
			isa = PBXFrameworksBuildPhase;
			buildActionMask = 2147483647;
			files = (
				5B2799348575CCD43B08C493 /* Pods_Twittr.framework in Frameworks */,
			);
			runOnlyForDeploymentPostprocessing = 0;
		};
/* End PBXFrameworksBuildPhase section */

/* Begin PBXGroup section */
		190DFB601E96DE230098FAC0 /* Views */ = {
			isa = PBXGroup;
			children = (
				190DFB751E995BF10098FAC0 /* TweetCell.swift */,
				190DFB5C1E96DE1A0098FAC0 /* TweetBasicCell.swift */,
				190DFB5D1E96DE1A0098FAC0 /* TweetBasicCell.xib */,
				190DFB641E9821220098FAC0 /* HelperClassesAndFunctions.swift */,
				190DFB6A1E9887550098FAC0 /* TweetPageCell.swift */,
				190DFB6B1E9887550098FAC0 /* TweetDetailCell.xib */,
			);
			name = Views;
			sourceTree = "<group>";
		};
		190DFB631E975D190098FAC0 /* Protocols */ = {
			isa = PBXGroup;
			children = (
				190DFB611E975D100098FAC0 /* TweetProtocols.swift */,
			);
			name = Protocols;
			sourceTree = "<group>";
		};
		190DFB741E9959C90098FAC0 /* Create */ = {
			isa = PBXGroup;
			children = (
				190DFB721E99559F0098FAC0 /* ComposeViewController.swift */,
				190DFB661E984E960098FAC0 /* NewTweetViewController.swift */,
				190DFB701E994EF00098FAC0 /* ReplyViewController.swift */,
			);
			name = Create;
			sourceTree = "<group>";
		};
		1916B4CB1E9492CB004E7C3A = {
			isa = PBXGroup;
			children = (
				1916B4D61E9492CB004E7C3A /* Twittr */,
				1916B4D51E9492CB004E7C3A /* Products */,
				562043059E4FE6FCF8D908A2 /* Pods */,
				7E352832BEAC3B2F1597ACD9 /* Frameworks */,
			);
			sourceTree = "<group>";
		};
		1916B4D51E9492CB004E7C3A /* Products */ = {
			isa = PBXGroup;
			children = (
				1916B4D41E9492CB004E7C3A /* Twittr.app */,
			);
			name = Products;
			sourceTree = "<group>";
		};
		1916B4D61E9492CB004E7C3A /* Twittr */ = {
			isa = PBXGroup;
			children = (
				1916B4D71E9492CB004E7C3A /* AppDelegate.swift */,
				190DFB601E96DE230098FAC0 /* Views */,
				190DFB631E975D190098FAC0 /* Protocols */,
				1916B4EC1E9563FB004E7C3A /* Model */,
				1916B4E91E94946D004E7C3A /* API */,
				1916B4EF1E9564CD004E7C3A /* View Controllers */,
				1916B4DB1E9492CB004E7C3A /* Main.storyboard */,
				1916B4DE1E9492CB004E7C3A /* Assets.xcassets */,
				1916B4E01E9492CB004E7C3A /* LaunchScreen.storyboard */,
				1916B4E31E9492CB004E7C3A /* Info.plist */,
			);
			path = Twittr;
			sourceTree = "<group>";
		};
		1916B4E91E94946D004E7C3A /* API */ = {
			isa = PBXGroup;
			children = (
				1916B4EA1E949482004E7C3A /* TwitterAPIService.swift */,
			);
			name = API;
			sourceTree = "<group>";
		};
		1916B4EC1E9563FB004E7C3A /* Model */ = {
			isa = PBXGroup;
			children = (
				1916B4ED1E956417004E7C3A /* User.swift */,
				1916B4F01E956798004E7C3A /* Tweet.swift */,
			);
			name = Model;
			sourceTree = "<group>";
		};
		1916B4EF1E9564CD004E7C3A /* View Controllers */ = {
			isa = PBXGroup;
			children = (
				1916B4D91E9492CB004E7C3A /* LoginViewController.swift */,
				190DFB581E95795D0098FAC0 /* TweetsViewController.swift */,
				190DFB6E1E98888C0098FAC0 /* TweetViewController.swift */,
				190DFB741E9959C90098FAC0 /* Create */,
			);
			name = "View Controllers";
			sourceTree = "<group>";
		};
		562043059E4FE6FCF8D908A2 /* Pods */ = {
			isa = PBXGroup;
			children = (
				AFC84DA987B4FC1AEE4CCB18 /* Pods-Twittr.debug.xcconfig */,
				FE70C8EC3CC5EFC3A68D0E91 /* Pods-Twittr.release.xcconfig */,
			);
			name = Pods;
			sourceTree = "<group>";
		};
		7E352832BEAC3B2F1597ACD9 /* Frameworks */ = {
			isa = PBXGroup;
			children = (
				FE0C4C0842CF6DC8810D67D5 /* Pods_Twittr.framework */,
			);
			name = Frameworks;
			sourceTree = "<group>";
		};
/* End PBXGroup section */

/* Begin PBXNativeTarget section */
		1916B4D31E9492CB004E7C3A /* Twittr */ = {
			isa = PBXNativeTarget;
			buildConfigurationList = 1916B4E61E9492CB004E7C3A /* Build configuration list for PBXNativeTarget "Twittr" */;
			buildPhases = (
				8FD6B4BAE8A664A233C4727A /* [CP] Check Pods Manifest.lock */,
				1916B4D01E9492CB004E7C3A /* Sources */,
				1916B4D11E9492CB004E7C3A /* Frameworks */,
				1916B4D21E9492CB004E7C3A /* Resources */,
				6F29974B9514F3CB627E2EDB /* [CP] Embed Pods Frameworks */,
				567AE92A3D881CC7D92FF130 /* [CP] Copy Pods Resources */,
			);
			buildRules = (
			);
			dependencies = (
			);
			name = Twittr;
			productName = Twittr;
			productReference = 1916B4D41E9492CB004E7C3A /* Twittr.app */;
			productType = "com.apple.product-type.application";
		};
/* End PBXNativeTarget section */

/* Begin PBXProject section */
		1916B4CC1E9492CB004E7C3A /* Project object */ = {
			isa = PBXProject;
			attributes = {
				LastSwiftUpdateCheck = 0830;
				LastUpgradeCheck = 0830;
				ORGANIZATIONNAME = kevinthrailkill;
				TargetAttributes = {
					1916B4D31E9492CB004E7C3A = {
						CreatedOnToolsVersion = 8.3;
						DevelopmentTeam = YUYDGGZ6SW;
						ProvisioningStyle = Automatic;
					};
				};
			};
			buildConfigurationList = 1916B4CF1E9492CB004E7C3A /* Build configuration list for PBXProject "Twittr" */;
			compatibilityVersion = "Xcode 3.2";
			developmentRegion = English;
			hasScannedForEncodings = 0;
			knownRegions = (
				en,
				Base,
			);
			mainGroup = 1916B4CB1E9492CB004E7C3A;
			productRefGroup = 1916B4D51E9492CB004E7C3A /* Products */;
			projectDirPath = "";
			projectRoot = "";
			targets = (
				1916B4D31E9492CB004E7C3A /* Twittr */,
			);
		};
/* End PBXProject section */

/* Begin PBXResourcesBuildPhase section */
		1916B4D21E9492CB004E7C3A /* Resources */ = {
			isa = PBXResourcesBuildPhase;
			buildActionMask = 2147483647;
			files = (
				1916B4E21E9492CB004E7C3A /* LaunchScreen.storyboard in Resources */,
				1916B4DF1E9492CB004E7C3A /* Assets.xcassets in Resources */,
				1916B4DD1E9492CB004E7C3A /* Main.storyboard in Resources */,
				190DFB5F1E96DE1A0098FAC0 /* TweetBasicCell.xib in Resources */,
				190DFB6D1E9887550098FAC0 /* TweetDetailCell.xib in Resources */,
			);
			runOnlyForDeploymentPostprocessing = 0;
		};
/* End PBXResourcesBuildPhase section */

/* Begin PBXShellScriptBuildPhase section */
		567AE92A3D881CC7D92FF130 /* [CP] Copy Pods Resources */ = {
			isa = PBXShellScriptBuildPhase;
			buildActionMask = 2147483647;
			files = (
			);
			inputPaths = (
			);
			name = "[CP] Copy Pods Resources";
			outputPaths = (
			);
			runOnlyForDeploymentPostprocessing = 0;
			shellPath = /bin/sh;
			shellScript = "\"${SRCROOT}/Pods/Target Support Files/Pods-Twittr/Pods-Twittr-resources.sh\"\n";
			showEnvVarsInLog = 0;
		};
		6F29974B9514F3CB627E2EDB /* [CP] Embed Pods Frameworks */ = {
			isa = PBXShellScriptBuildPhase;
			buildActionMask = 2147483647;
			files = (
			);
			inputPaths = (
			);
			name = "[CP] Embed Pods Frameworks";
			outputPaths = (
			);
			runOnlyForDeploymentPostprocessing = 0;
			shellPath = /bin/sh;
			shellScript = "\"${SRCROOT}/Pods/Target Support Files/Pods-Twittr/Pods-Twittr-frameworks.sh\"\n";
			showEnvVarsInLog = 0;
		};
		8FD6B4BAE8A664A233C4727A /* [CP] Check Pods Manifest.lock */ = {
			isa = PBXShellScriptBuildPhase;
			buildActionMask = 2147483647;
			files = (
			);
			inputPaths = (
			);
			name = "[CP] Check Pods Manifest.lock";
			outputPaths = (
			);
			runOnlyForDeploymentPostprocessing = 0;
			shellPath = /bin/sh;
			shellScript = "diff \"${PODS_ROOT}/../Podfile.lock\" \"${PODS_ROOT}/Manifest.lock\" > /dev/null\nif [ $? != 0 ] ; then\n    # print error to STDERR\n    echo \"error: The sandbox is not in sync with the Podfile.lock. Run 'pod install' or update your CocoaPods installation.\" >&2\n    exit 1\nfi\n";
			showEnvVarsInLog = 0;
		};
/* End PBXShellScriptBuildPhase section */

/* Begin PBXSourcesBuildPhase section */
		1916B4D01E9492CB004E7C3A /* Sources */ = {
			isa = PBXSourcesBuildPhase;
			buildActionMask = 2147483647;
			files = (
				1916B4EE1E956417004E7C3A /* User.swift in Sources */,
				190DFB6C1E9887550098FAC0 /* TweetPageCell.swift in Sources */,
				190DFB621E975D100098FAC0 /* TweetProtocols.swift in Sources */,
				190DFB711E994EF00098FAC0 /* ReplyViewController.swift in Sources */,
				190DFB5E1E96DE1A0098FAC0 /* TweetBasicCell.swift in Sources */,
				1916B4F11E956798004E7C3A /* Tweet.swift in Sources */,
				190DFB591E95795D0098FAC0 /* TweetsViewController.swift in Sources */,
				1916B4EB1E949482004E7C3A /* TwitterAPIService.swift in Sources */,
				190DFB761E995BF10098FAC0 /* TweetCell.swift in Sources */,
				1916B4DA1E9492CB004E7C3A /* LoginViewController.swift in Sources */,
				190DFB6F1E98888C0098FAC0 /* TweetViewController.swift in Sources */,
				190DFB651E9821220098FAC0 /* HelperClassesAndFunctions.swift in Sources */,
				1916B4D81E9492CB004E7C3A /* AppDelegate.swift in Sources */,
				190DFB671E984E960098FAC0 /* NewTweetViewController.swift in Sources */,
				190DFB731E99559F0098FAC0 /* ComposeViewController.swift in Sources */,
			);
			runOnlyForDeploymentPostprocessing = 0;
		};
/* End PBXSourcesBuildPhase section */

/* Begin PBXVariantGroup section */
		1916B4DB1E9492CB004E7C3A /* Main.storyboard */ = {
			isa = PBXVariantGroup;
			children = (
				1916B4DC1E9492CB004E7C3A /* Base */,
			);
			name = Main.storyboard;
			sourceTree = "<group>";
		};
		1916B4E01E9492CB004E7C3A /* LaunchScreen.storyboard */ = {
			isa = PBXVariantGroup;
			children = (
				1916B4E11E9492CB004E7C3A /* Base */,
			);
			name = LaunchScreen.storyboard;
			sourceTree = "<group>";
		};
/* End PBXVariantGroup section */

/* Begin XCBuildConfiguration section */
		1916B4E41E9492CB004E7C3A /* Debug */ = {
			isa = XCBuildConfiguration;
			buildSettings = {
				ALWAYS_SEARCH_USER_PATHS = NO;
				CLANG_ANALYZER_NONNULL = YES;
				CLANG_ANALYZER_NUMBER_OBJECT_CONVERSION = YES_AGGRESSIVE;
				CLANG_CXX_LANGUAGE_STANDARD = "gnu++0x";
				CLANG_CXX_LIBRARY = "libc++";
				CLANG_ENABLE_MODULES = YES;
				CLANG_ENABLE_OBJC_ARC = YES;
				CLANG_WARN_BOOL_CONVERSION = YES;
				CLANG_WARN_CONSTANT_CONVERSION = YES;
				CLANG_WARN_DIRECT_OBJC_ISA_USAGE = YES_ERROR;
				CLANG_WARN_DOCUMENTATION_COMMENTS = YES;
				CLANG_WARN_EMPTY_BODY = YES;
				CLANG_WARN_ENUM_CONVERSION = YES;
				CLANG_WARN_INFINITE_RECURSION = YES;
				CLANG_WARN_INT_CONVERSION = YES;
				CLANG_WARN_OBJC_ROOT_CLASS = YES_ERROR;
				CLANG_WARN_SUSPICIOUS_MOVE = YES;
				CLANG_WARN_UNREACHABLE_CODE = YES;
				CLANG_WARN__DUPLICATE_METHOD_MATCH = YES;
				"CODE_SIGN_IDENTITY[sdk=iphoneos*]" = "iPhone Developer";
				COPY_PHASE_STRIP = NO;
				DEBUG_INFORMATION_FORMAT = dwarf;
				ENABLE_STRICT_OBJC_MSGSEND = YES;
				ENABLE_TESTABILITY = YES;
				GCC_C_LANGUAGE_STANDARD = gnu99;
				GCC_DYNAMIC_NO_PIC = NO;
				GCC_NO_COMMON_BLOCKS = YES;
				GCC_OPTIMIZATION_LEVEL = 0;
				GCC_PREPROCESSOR_DEFINITIONS = (
					"DEBUG=1",
					"$(inherited)",
				);
				GCC_WARN_64_TO_32_BIT_CONVERSION = YES;
				GCC_WARN_ABOUT_RETURN_TYPE = YES_ERROR;
				GCC_WARN_UNDECLARED_SELECTOR = YES;
				GCC_WARN_UNINITIALIZED_AUTOS = YES_AGGRESSIVE;
				GCC_WARN_UNUSED_FUNCTION = YES;
				GCC_WARN_UNUSED_VARIABLE = YES;
				IPHONEOS_DEPLOYMENT_TARGET = 10.3;
				MTL_ENABLE_DEBUG_INFO = YES;
				ONLY_ACTIVE_ARCH = YES;
				SDKROOT = iphoneos;
				SWIFT_ACTIVE_COMPILATION_CONDITIONS = DEBUG;
				SWIFT_OPTIMIZATION_LEVEL = "-Onone";
			};
			name = Debug;
		};
		1916B4E51E9492CB004E7C3A /* Release */ = {
			isa = XCBuildConfiguration;
			buildSettings = {
				ALWAYS_SEARCH_USER_PATHS = NO;
				CLANG_ANALYZER_NONNULL = YES;
				CLANG_ANALYZER_NUMBER_OBJECT_CONVERSION = YES_AGGRESSIVE;
				CLANG_CXX_LANGUAGE_STANDARD = "gnu++0x";
				CLANG_CXX_LIBRARY = "libc++";
				CLANG_ENABLE_MODULES = YES;
				CLANG_ENABLE_OBJC_ARC = YES;
				CLANG_WARN_BOOL_CONVERSION = YES;
				CLANG_WARN_CONSTANT_CONVERSION = YES;
				CLANG_WARN_DIRECT_OBJC_ISA_USAGE = YES_ERROR;
				CLANG_WARN_DOCUMENTATION_COMMENTS = YES;
				CLANG_WARN_EMPTY_BODY = YES;
				CLANG_WARN_ENUM_CONVERSION = YES;
				CLANG_WARN_INFINITE_RECURSION = YES;
				CLANG_WARN_INT_CONVERSION = YES;
				CLANG_WARN_OBJC_ROOT_CLASS = YES_ERROR;
				CLANG_WARN_SUSPICIOUS_MOVE = YES;
				CLANG_WARN_UNREACHABLE_CODE = YES;
				CLANG_WARN__DUPLICATE_METHOD_MATCH = YES;
				"CODE_SIGN_IDENTITY[sdk=iphoneos*]" = "iPhone Developer";
				COPY_PHASE_STRIP = NO;
				DEBUG_INFORMATION_FORMAT = "dwarf-with-dsym";
				ENABLE_NS_ASSERTIONS = NO;
				ENABLE_STRICT_OBJC_MSGSEND = YES;
				GCC_C_LANGUAGE_STANDARD = gnu99;
				GCC_NO_COMMON_BLOCKS = YES;
				GCC_WARN_64_TO_32_BIT_CONVERSION = YES;
				GCC_WARN_ABOUT_RETURN_TYPE = YES_ERROR;
				GCC_WARN_UNDECLARED_SELECTOR = YES;
				GCC_WARN_UNINITIALIZED_AUTOS = YES_AGGRESSIVE;
				GCC_WARN_UNUSED_FUNCTION = YES;
				GCC_WARN_UNUSED_VARIABLE = YES;
				IPHONEOS_DEPLOYMENT_TARGET = 10.3;
				MTL_ENABLE_DEBUG_INFO = NO;
				SDKROOT = iphoneos;
				SWIFT_OPTIMIZATION_LEVEL = "-Owholemodule";
				VALIDATE_PRODUCT = YES;
			};
			name = Release;
		};
		1916B4E71E9492CB004E7C3A /* Debug */ = {
			isa = XCBuildConfiguration;
			baseConfigurationReference = AFC84DA987B4FC1AEE4CCB18 /* Pods-Twittr.debug.xcconfig */;
			buildSettings = {
				ASSETCATALOG_COMPILER_APPICON_NAME = AppIcon;
				DEVELOPMENT_TEAM = YUYDGGZ6SW;
				INFOPLIST_FILE = Twittr/Info.plist;
				LD_RUNPATH_SEARCH_PATHS = "$(inherited) @executable_path/Frameworks";
				PRODUCT_BUNDLE_IDENTIFIER = com.kevinthrailkill.Twittr;
				PRODUCT_NAME = "$(TARGET_NAME)";
				SWIFT_VERSION = 3.0;
			};
			name = Debug;
		};
		1916B4E81E9492CB004E7C3A /* Release */ = {
			isa = XCBuildConfiguration;
			baseConfigurationReference = FE70C8EC3CC5EFC3A68D0E91 /* Pods-Twittr.release.xcconfig */;
			buildSettings = {
				ASSETCATALOG_COMPILER_APPICON_NAME = AppIcon;
				DEVELOPMENT_TEAM = YUYDGGZ6SW;
				INFOPLIST_FILE = Twittr/Info.plist;
				LD_RUNPATH_SEARCH_PATHS = "$(inherited) @executable_path/Frameworks";
				PRODUCT_BUNDLE_IDENTIFIER = com.kevinthrailkill.Twittr;
				PRODUCT_NAME = "$(TARGET_NAME)";
				SWIFT_VERSION = 3.0;
			};
			name = Release;
		};
/* End XCBuildConfiguration section */

/* Begin XCConfigurationList section */
		1916B4CF1E9492CB004E7C3A /* Build configuration list for PBXProject "Twittr" */ = {
			isa = XCConfigurationList;
			buildConfigurations = (
				1916B4E41E9492CB004E7C3A /* Debug */,
				1916B4E51E9492CB004E7C3A /* Release */,
			);
			defaultConfigurationIsVisible = 0;
			defaultConfigurationName = Release;
		};
		1916B4E61E9492CB004E7C3A /* Build configuration list for PBXNativeTarget "Twittr" */ = {
			isa = XCConfigurationList;
			buildConfigurations = (
				1916B4E71E9492CB004E7C3A /* Debug */,
				1916B4E81E9492CB004E7C3A /* Release */,
			);
			defaultConfigurationIsVisible = 0;
			defaultConfigurationName = Release;
		};
/* End XCConfigurationList section */
	};
	rootObject = 1916B4CC1E9492CB004E7C3A /* Project object */;
}
